// !$*UTF8*$!
{
	archiveVersion = 1;
	classes = {
	};
	objectVersion = 46;
	objects = {

/* Begin PBXBuildFile section */
		4D78AA944A40FF7D829D1D4A /* Pods_HealthKitDemo.framework in Frameworks */ = {isa = PBXBuildFile; fileRef = B28F6553FD7F02707E5A1E75 /* Pods_HealthKitDemo.framework */; };
		B91855941DB745F40065602A /* Dashboard.swift in Sources */ = {isa = PBXBuildFile; fileRef = B91855931DB745F40065602A /* Dashboard.swift */; };
		B91855961DB746160065602A /* PointerView.swift in Sources */ = {isa = PBXBuildFile; fileRef = B91855951DB746160065602A /* PointerView.swift */; };
		B91855981DB74AA80065602A /* DashboardViewController.swift in Sources */ = {isa = PBXBuildFile; fileRef = B91855971DB74AA80065602A /* DashboardViewController.swift */; };
		B93EC3161DACD892006B891B /* data.xcdatamodeld in Sources */ = {isa = PBXBuildFile; fileRef = B93EC3141DACD891006B891B /* data.xcdatamodeld */; };
		B93EC3181DACDB71006B891B /* RecordTableViewController.swift in Sources */ = {isa = PBXBuildFile; fileRef = B93EC3171DACDB71006B891B /* RecordTableViewController.swift */; };
		B93EC31A1DAF2F83006B891B /* WheelView.swift in Sources */ = {isa = PBXBuildFile; fileRef = B93EC3191DAF2F83006B891B /* WheelView.swift */; };
		B93EC31C1DAF5015006B891B /* IndicatorView.swift in Sources */ = {isa = PBXBuildFile; fileRef = B93EC31B1DAF5015006B891B /* IndicatorView.swift */; };
		B93EC31E1DAF51F8006B891B /* WheelViewController.swift in Sources */ = {isa = PBXBuildFile; fileRef = B93EC31D1DAF51F8006B891B /* WheelViewController.swift */; };
		B9686F621DBDF78D0080F245 /* MainViewController.swift in Sources */ = {isa = PBXBuildFile; fileRef = B9686F611DBDF78D0080F245 /* MainViewController.swift */; };
		B9686F641DBDF82A0080F245 /* Category.swift in Sources */ = {isa = PBXBuildFile; fileRef = B9686F631DBDF82A0080F245 /* Category.swift */; };
		B9B22EEF1DAA191300895309 /* AppDelegate.swift in Sources */ = {isa = PBXBuildFile; fileRef = B9B22EEE1DAA191300895309 /* AppDelegate.swift */; };
		B9B22EF11DAA191300895309 /* ViewController.swift in Sources */ = {isa = PBXBuildFile; fileRef = B9B22EF01DAA191300895309 /* ViewController.swift */; };
		B9B22EF41DAA191300895309 /* Main.storyboard in Resources */ = {isa = PBXBuildFile; fileRef = B9B22EF21DAA191300895309 /* Main.storyboard */; };
		B9B22EF61DAA191300895309 /* Assets.xcassets in Resources */ = {isa = PBXBuildFile; fileRef = B9B22EF51DAA191300895309 /* Assets.xcassets */; };
		B9B22EF91DAA191300895309 /* LaunchScreen.storyboard in Resources */ = {isa = PBXBuildFile; fileRef = B9B22EF71DAA191300895309 /* LaunchScreen.storyboard */; };
		B9B22F051DAA1CE000895309 /* HealthManager.swift in Sources */ = {isa = PBXBuildFile; fileRef = B9B22F041DAA1CE000895309 /* HealthManager.swift */; };
		B9B22F091DAA2ECF00895309 /* HealthKit.framework in Frameworks */ = {isa = PBXBuildFile; fileRef = B9B22F081DAA2ECF00895309 /* HealthKit.framework */; };
		B9BF39091DB864670043D1AF /* Podfile in Resources */ = {isa = PBXBuildFile; fileRef = B9BF39081DB864670043D1AF /* Podfile */; };
		B9C57D621DACBBA200B39885 /* GasViewController.swift in Sources */ = {isa = PBXBuildFile; fileRef = B9C57D611DACBBA200B39885 /* GasViewController.swift */; };
/* End PBXBuildFile section */

/* Begin PBXFileReference section */
		928D010EA38ABDF62F11F965 /* Pods-HealthKitDemo.debug.xcconfig */ = {isa = PBXFileReference; includeInIndex = 1; lastKnownFileType = text.xcconfig; name = "Pods-HealthKitDemo.debug.xcconfig"; path = "Pods/Target Support Files/Pods-HealthKitDemo/Pods-HealthKitDemo.debug.xcconfig"; sourceTree = "<group>"; };
		A53838E11D4520FEA8FBBE6D /* Pods-HealthKitDemo.release.xcconfig */ = {isa = PBXFileReference; includeInIndex = 1; lastKnownFileType = text.xcconfig; name = "Pods-HealthKitDemo.release.xcconfig"; path = "Pods/Target Support Files/Pods-HealthKitDemo/Pods-HealthKitDemo.release.xcconfig"; sourceTree = "<group>"; };
		B28F6553FD7F02707E5A1E75 /* Pods_HealthKitDemo.framework */ = {isa = PBXFileReference; explicitFileType = wrapper.framework; includeInIndex = 0; path = Pods_HealthKitDemo.framework; sourceTree = BUILT_PRODUCTS_DIR; };
		B91855931DB745F40065602A /* Dashboard.swift */ = {isa = PBXFileReference; fileEncoding = 4; lastKnownFileType = sourcecode.swift; path = Dashboard.swift; sourceTree = "<group>"; };
		B91855951DB746160065602A /* PointerView.swift */ = {isa = PBXFileReference; fileEncoding = 4; lastKnownFileType = sourcecode.swift; path = PointerView.swift; sourceTree = "<group>"; };
		B91855971DB74AA80065602A /* DashboardViewController.swift */ = {isa = PBXFileReference; fileEncoding = 4; lastKnownFileType = sourcecode.swift; path = DashboardViewController.swift; sourceTree = "<group>"; };
		B93EC3151DACD892006B891B /* data.xcdatamodel */ = {isa = PBXFileReference; lastKnownFileType = wrapper.xcdatamodel; path = data.xcdatamodel; sourceTree = "<group>"; };
		B93EC3171DACDB71006B891B /* RecordTableViewController.swift */ = {isa = PBXFileReference; fileEncoding = 4; lastKnownFileType = sourcecode.swift; path = RecordTableViewController.swift; sourceTree = "<group>"; };
		B93EC3191DAF2F83006B891B /* WheelView.swift */ = {isa = PBXFileReference; fileEncoding = 4; lastKnownFileType = sourcecode.swift; path = WheelView.swift; sourceTree = "<group>"; };
		B93EC31B1DAF5015006B891B /* IndicatorView.swift */ = {isa = PBXFileReference; fileEncoding = 4; lastKnownFileType = sourcecode.swift; path = IndicatorView.swift; sourceTree = "<group>"; };
		B93EC31D1DAF51F8006B891B /* WheelViewController.swift */ = {isa = PBXFileReference; fileEncoding = 4; lastKnownFileType = sourcecode.swift; path = WheelViewController.swift; sourceTree = "<group>"; };
		B9686F611DBDF78D0080F245 /* MainViewController.swift */ = {isa = PBXFileReference; fileEncoding = 4; lastKnownFileType = sourcecode.swift; path = MainViewController.swift; sourceTree = "<group>"; };
		B9686F631DBDF82A0080F245 /* Category.swift */ = {isa = PBXFileReference; fileEncoding = 4; lastKnownFileType = sourcecode.swift; path = Category.swift; sourceTree = "<group>"; };
		B9B22EEB1DAA191300895309 /* HealthKitDemo.app */ = {isa = PBXFileReference; explicitFileType = wrapper.application; includeInIndex = 0; path = HealthKitDemo.app; sourceTree = BUILT_PRODUCTS_DIR; };
		B9B22EEE1DAA191300895309 /* AppDelegate.swift */ = {isa = PBXFileReference; lastKnownFileType = sourcecode.swift; path = AppDelegate.swift; sourceTree = "<group>"; };
		B9B22EF01DAA191300895309 /* ViewController.swift */ = {isa = PBXFileReference; lastKnownFileType = sourcecode.swift; path = ViewController.swift; sourceTree = "<group>"; };
		B9B22EF31DAA191300895309 /* Base */ = {isa = PBXFileReference; lastKnownFileType = file.storyboard; name = Base; path = Base.lproj/Main.storyboard; sourceTree = "<group>"; };
		B9B22EF51DAA191300895309 /* Assets.xcassets */ = {isa = PBXFileReference; lastKnownFileType = folder.assetcatalog; path = Assets.xcassets; sourceTree = "<group>"; };
		B9B22EF81DAA191300895309 /* Base */ = {isa = PBXFileReference; lastKnownFileType = file.storyboard; name = Base; path = Base.lproj/LaunchScreen.storyboard; sourceTree = "<group>"; };
		B9B22EFA1DAA191300895309 /* Info.plist */ = {isa = PBXFileReference; lastKnownFileType = text.plist.xml; path = Info.plist; sourceTree = "<group>"; };
		B9B22F001DAA193E00895309 /* HealthKitDemo.entitlements */ = {isa = PBXFileReference; lastKnownFileType = text.plist.entitlements; path = HealthKitDemo.entitlements; sourceTree = "<group>"; };
		B9B22F041DAA1CE000895309 /* HealthManager.swift */ = {isa = PBXFileReference; fileEncoding = 4; lastKnownFileType = sourcecode.swift; path = HealthManager.swift; sourceTree = "<group>"; };
		B9B22F081DAA2ECF00895309 /* HealthKit.framework */ = {isa = PBXFileReference; lastKnownFileType = wrapper.framework; name = HealthKit.framework; path = System/Library/Frameworks/HealthKit.framework; sourceTree = SDKROOT; };
		B9BF39081DB864670043D1AF /* Podfile */ = {isa = PBXFileReference; fileEncoding = 4; lastKnownFileType = text; name = Podfile; path = ../Podfile; sourceTree = "<group>"; xcLanguageSpecificationIdentifier = xcode.lang.ruby; };
		B9C57D611DACBBA200B39885 /* GasViewController.swift */ = {isa = PBXFileReference; fileEncoding = 4; lastKnownFileType = sourcecode.swift; path = GasViewController.swift; sourceTree = "<group>"; };
/* End PBXFileReference section */

/* Begin PBXFrameworksBuildPhase section */
		B9B22EE81DAA191300895309 /* Frameworks */ = {
			isa = PBXFrameworksBuildPhase;
			buildActionMask = 2147483647;
			files = (
				B9B22F091DAA2ECF00895309 /* HealthKit.framework in Frameworks */,
				4D78AA944A40FF7D829D1D4A /* Pods_HealthKitDemo.framework in Frameworks */,
			);
			runOnlyForDeploymentPostprocessing = 0;
		};
/* End PBXFrameworksBuildPhase section */

/* Begin PBXGroup section */
		9E7C162BC9CC2C87F4DFC9F1 /* Pods */ = {
			isa = PBXGroup;
			children = (
				928D010EA38ABDF62F11F965 /* Pods-HealthKitDemo.debug.xcconfig */,
				A53838E11D4520FEA8FBBE6D /* Pods-HealthKitDemo.release.xcconfig */,
			);
			name = Pods;
			sourceTree = "<group>";
		};
		B9686F5D1DBDF6F20080F245 /* ViewController */ = {
			isa = PBXGroup;
			children = (
				B9686F611DBDF78D0080F245 /* MainViewController.swift */,
				B93EC3171DACDB71006B891B /* RecordTableViewController.swift */,
				B9B22EF01DAA191300895309 /* ViewController.swift */,
				B9C57D611DACBBA200B39885 /* GasViewController.swift */,
				B93EC31D1DAF51F8006B891B /* WheelViewController.swift */,
				B91855971DB74AA80065602A /* DashboardViewController.swift */,
			);
			name = ViewController;
			sourceTree = "<group>";
		};
		B9686F5E1DBDF7090080F245 /* CustomView */ = {
			isa = PBXGroup;
			children = (
				B91855931DB745F40065602A /* Dashboard.swift */,
				B91855951DB746160065602A /* PointerView.swift */,
				B93EC3191DAF2F83006B891B /* WheelView.swift */,
				B93EC31B1DAF5015006B891B /* IndicatorView.swift */,
			);
			name = CustomView;
			sourceTree = "<group>";
		};
		B9686F5F1DBDF7300080F245 /* Source */ = {
			isa = PBXGroup;
			children = (
				B9B22EF21DAA191300895309 /* Main.storyboard */,
				B9B22EF71DAA191300895309 /* LaunchScreen.storyboard */,
				B9B22EF51DAA191300895309 /* Assets.xcassets */,
				B9B22EFA1DAA191300895309 /* Info.plist */,
				B93EC3141DACD891006B891B /* data.xcdatamodeld */,
				B9BF39081DB864670043D1AF /* Podfile */,
				B9B22F001DAA193E00895309 /* HealthKitDemo.entitlements */,
			);
			name = Source;
			sourceTree = "<group>";
		};
		B9686F601DBDF76D0080F245 /* Utils */ = {
			isa = PBXGroup;
			children = (
				B9B22F041DAA1CE000895309 /* HealthManager.swift */,
				B9686F631DBDF82A0080F245 /* Category.swift */,
			);
			name = Utils;
			sourceTree = "<group>";
		};
		B9B22EE21DAA191300895309 = {
			isa = PBXGroup;
			children = (
				B9B22EED1DAA191300895309 /* HealthKitDemo */,
				B9B22EEC1DAA191300895309 /* Products */,
				B9B22F011DAA193E00895309 /* Frameworks */,
				9E7C162BC9CC2C87F4DFC9F1 /* Pods */,
			);
			sourceTree = "<group>";
		};
		B9B22EEC1DAA191300895309 /* Products */ = {
			isa = PBXGroup;
			children = (
				B9B22EEB1DAA191300895309 /* HealthKitDemo.app */,
			);
			name = Products;
			sourceTree = "<group>";
		};
		B9B22EED1DAA191300895309 /* HealthKitDemo */ = {
			isa = PBXGroup;
			children = (
				B9B22EEE1DAA191300895309 /* AppDelegate.swift */,
				B9686F5D1DBDF6F20080F245 /* ViewController */,
				B9686F5E1DBDF7090080F245 /* CustomView */,
				B9686F601DBDF76D0080F245 /* Utils */,
				B9686F5F1DBDF7300080F245 /* Source */,
			);
			path = HealthKitDemo;
			sourceTree = "<group>";
		};
		B9B22F011DAA193E00895309 /* Frameworks */ = {
			isa = PBXGroup;
			children = (
				B9B22F081DAA2ECF00895309 /* HealthKit.framework */,
				B28F6553FD7F02707E5A1E75 /* Pods_HealthKitDemo.framework */,
			);
			name = Frameworks;
			sourceTree = "<group>";
		};
/* End PBXGroup section */

/* Begin PBXNativeTarget section */
		B9B22EEA1DAA191300895309 /* HealthKitDemo */ = {
			isa = PBXNativeTarget;
			buildConfigurationList = B9B22EFD1DAA191300895309 /* Build configuration list for PBXNativeTarget "HealthKitDemo" */;
			buildPhases = (
				7B5C88CA1085D68481EB8341 /* [CP] Check Pods Manifest.lock */,
				B9B22EE71DAA191300895309 /* Sources */,
				B9B22EE81DAA191300895309 /* Frameworks */,
				B9B22EE91DAA191300895309 /* Resources */,
				F5F03131C87004CF1B637802 /* [CP] Embed Pods Frameworks */,
				688A3B7C5EB8B3167675413F /* [CP] Copy Pods Resources */,
			);
			buildRules = (
			);
			dependencies = (
			);
			name = HealthKitDemo;
			productName = HealthKitDemo;
			productReference = B9B22EEB1DAA191300895309 /* HealthKitDemo.app */;
			productType = "com.apple.product-type.application";
		};
/* End PBXNativeTarget section */

/* Begin PBXProject section */
		B9B22EE31DAA191300895309 /* Project object */ = {
			isa = PBXProject;
			attributes = {
				LastSwiftUpdateCheck = 0800;
				LastUpgradeCheck = 0800;
				ORGANIZATIONNAME = CETCME;
				TargetAttributes = {
					B9B22EEA1DAA191300895309 = {
						CreatedOnToolsVersion = 8.0;
						DevelopmentTeam = GN7256EV7F;
						ProvisioningStyle = Automatic;
						SystemCapabilities = {
							com.apple.HealthKit = {
								enabled = 1;
							};
						};
					};
				};
			};
			buildConfigurationList = B9B22EE61DAA191300895309 /* Build configuration list for PBXProject "HealthKitDemo" */;
			compatibilityVersion = "Xcode 3.2";
			developmentRegion = English;
			hasScannedForEncodings = 0;
			knownRegions = (
				en,
				Base,
			);
			mainGroup = B9B22EE21DAA191300895309;
			productRefGroup = B9B22EEC1DAA191300895309 /* Products */;
			projectDirPath = "";
			projectRoot = "";
			targets = (
				B9B22EEA1DAA191300895309 /* HealthKitDemo */,
			);
		};
/* End PBXProject section */

/* Begin PBXResourcesBuildPhase section */
		B9B22EE91DAA191300895309 /* Resources */ = {
			isa = PBXResourcesBuildPhase;
			buildActionMask = 2147483647;
			files = (
				B9B22EF91DAA191300895309 /* LaunchScreen.storyboard in Resources */,
				B9B22EF61DAA191300895309 /* Assets.xcassets in Resources */,
				B9BF39091DB864670043D1AF /* Podfile in Resources */,
				B9B22EF41DAA191300895309 /* Main.storyboard in Resources */,
			);
			runOnlyForDeploymentPostprocessing = 0;
		};
/* End PBXResourcesBuildPhase section */

/* Begin PBXShellScriptBuildPhase section */
		688A3B7C5EB8B3167675413F /* [CP] Copy Pods Resources */ = {
			isa = PBXShellScriptBuildPhase;
			buildActionMask = 2147483647;
			files = (
			);
			inputPaths = (
			);
			name = "[CP] Copy Pods Resources";
			outputPaths = (
			);
			runOnlyForDeploymentPostprocessing = 0;
			shellPath = /bin/sh;
			shellScript = "\"${SRCROOT}/Pods/Target Support Files/Pods-HealthKitDemo/Pods-HealthKitDemo-resources.sh\"\n";
			showEnvVarsInLog = 0;
		};
		7B5C88CA1085D68481EB8341 /* [CP] Check Pods Manifest.lock */ = {
			isa = PBXShellScriptBuildPhase;
			buildActionMask = 2147483647;
			files = (
			);
			inputPaths = (
			);
			name = "[CP] Check Pods Manifest.lock";
			outputPaths = (
			);
			runOnlyForDeploymentPostprocessing = 0;
			shellPath = /bin/sh;
			shellScript = "diff \"${PODS_ROOT}/../Podfile.lock\" \"${PODS_ROOT}/Manifest.lock\" > /dev/null\nif [ $? != 0 ] ; then\n    # print error to STDERR\n    echo \"error: The sandbox is not in sync with the Podfile.lock. Run 'pod install' or update your CocoaPods installation.\" >&2\n    exit 1\nfi\n";
			showEnvVarsInLog = 0;
		};
		F5F03131C87004CF1B637802 /* [CP] Embed Pods Frameworks */ = {
			isa = PBXShellScriptBuildPhase;
			buildActionMask = 2147483647;
			files = (
			);
			inputPaths = (
			);
			name = "[CP] Embed Pods Frameworks";
			outputPaths = (
			);
			runOnlyForDeploymentPostprocessing = 0;
			shellPath = /bin/sh;
			shellScript = "\"${SRCROOT}/Pods/Target Support Files/Pods-HealthKitDemo/Pods-HealthKitDemo-frameworks.sh\"\n";
			showEnvVarsInLog = 0;
		};
/* End PBXShellScriptBuildPhase section */

/* Begin PBXSourcesBuildPhase section */
		B9B22EE71DAA191300895309 /* Sources */ = {
			isa = PBXSourcesBuildPhase;
			buildActionMask = 2147483647;
			files = (
				B93EC31A1DAF2F83006B891B /* WheelView.swift in Sources */,
				B9686F621DBDF78D0080F245 /* MainViewController.swift in Sources */,
				B9C57D621DACBBA200B39885 /* GasViewController.swift in Sources */,
				B91855941DB745F40065602A /* Dashboard.swift in Sources */,
				B9B22EF11DAA191300895309 /* ViewController.swift in Sources */,
				B93EC3161DACD892006B891B /* data.xcdatamodeld in Sources */,
				B9B22F051DAA1CE000895309 /* HealthManager.swift in Sources */,
				B91855961DB746160065602A /* PointerView.swift in Sources */,
				B91855981DB74AA80065602A /* DashboardViewController.swift in Sources */,
				B93EC31E1DAF51F8006B891B /* WheelViewController.swift in Sources */,
				B93EC3181DACDB71006B891B /* RecordTableViewController.swift in Sources */,
				B93EC31C1DAF5015006B891B /* IndicatorView.swift in Sources */,
				B9B22EEF1DAA191300895309 /* AppDelegate.swift in Sources */,
				B9686F641DBDF82A0080F245 /* Category.swift in Sources */,
			);
			runOnlyForDeploymentPostprocessing = 0;
		};
/* End PBXSourcesBuildPhase section */

/* Begin PBXVariantGroup section */
		B9B22EF21DAA191300895309 /* Main.storyboard */ = {
			isa = PBXVariantGroup;
			children = (
				B9B22EF31DAA191300895309 /* Base */,
			);
			name = Main.storyboard;
			sourceTree = "<group>";
		};
		B9B22EF71DAA191300895309 /* LaunchScreen.storyboard */ = {
			isa = PBXVariantGroup;
			children = (
				B9B22EF81DAA191300895309 /* Base */,
			);
			name = LaunchScreen.storyboard;
			sourceTree = "<group>";
		};
/* End PBXVariantGroup section */

/* Begin XCBuildConfiguration section */
		B9B22EFB1DAA191300895309 /* Debug */ = {
			isa = XCBuildConfiguration;
			buildSettings = {
				ALWAYS_SEARCH_USER_PATHS = NO;
				CLANG_ANALYZER_NONNULL = YES;
				CLANG_CXX_LANGUAGE_STANDARD = "gnu++0x";
				CLANG_CXX_LIBRARY = "libc++";
				CLANG_ENABLE_MODULES = YES;
				CLANG_ENABLE_OBJC_ARC = YES;
				CLANG_WARN_BOOL_CONVERSION = YES;
				CLANG_WARN_CONSTANT_CONVERSION = YES;
				CLANG_WARN_DIRECT_OBJC_ISA_USAGE = YES_ERROR;
				CLANG_WARN_DOCUMENTATION_COMMENTS = YES;
				CLANG_WARN_EMPTY_BODY = YES;
				CLANG_WARN_ENUM_CONVERSION = YES;
				CLANG_WARN_INFINITE_RECURSION = YES;
				CLANG_WARN_INT_CONVERSION = YES;
				CLANG_WARN_OBJC_ROOT_CLASS = YES_ERROR;
				CLANG_WARN_SUSPICIOUS_MOVES = YES;
				CLANG_WARN_UNREACHABLE_CODE = YES;
				CLANG_WARN__DUPLICATE_METHOD_MATCH = YES;
				"CODE_SIGN_IDENTITY[sdk=iphoneos*]" = "iPhone Developer";
				COPY_PHASE_STRIP = NO;
				DEBUG_INFORMATION_FORMAT = dwarf;
				ENABLE_STRICT_OBJC_MSGSEND = YES;
				ENABLE_TESTABILITY = YES;
				GCC_C_LANGUAGE_STANDARD = gnu99;
				GCC_DYNAMIC_NO_PIC = NO;
				GCC_NO_COMMON_BLOCKS = YES;
				GCC_OPTIMIZATION_LEVEL = 0;
				GCC_PREPROCESSOR_DEFINITIONS = (
					"DEBUG=1",
					"$(inherited)",
				);
				GCC_WARN_64_TO_32_BIT_CONVERSION = YES;
				GCC_WARN_ABOUT_RETURN_TYPE = YES_ERROR;
				GCC_WARN_UNDECLARED_SELECTOR = YES;
				GCC_WARN_UNINITIALIZED_AUTOS = YES_AGGRESSIVE;
				GCC_WARN_UNUSED_FUNCTION = YES;
				GCC_WARN_UNUSED_VARIABLE = YES;
				IPHONEOS_DEPLOYMENT_TARGET = 10.0;
				MTL_ENABLE_DEBUG_INFO = YES;
				ONLY_ACTIVE_ARCH = YES;
				SDKROOT = iphoneos;
				SWIFT_ACTIVE_COMPILATION_CONDITIONS = DEBUG;
				SWIFT_OPTIMIZATION_LEVEL = "-Onone";
			};
			name = Debug;
		};
		B9B22EFC1DAA191300895309 /* Release */ = {
			isa = XCBuildConfiguration;
			buildSettings = {
				ALWAYS_SEARCH_USER_PATHS = NO;
				CLANG_ANALYZER_NONNULL = YES;
				CLANG_CXX_LANGUAGE_STANDARD = "gnu++0x";
				CLANG_CXX_LIBRARY = "libc++";
				CLANG_ENABLE_MODULES = YES;
				CLANG_ENABLE_OBJC_ARC = YES;
				CLANG_WARN_BOOL_CONVERSION = YES;
				CLANG_WARN_CONSTANT_CONVERSION = YES;
				CLANG_WARN_DIRECT_OBJC_ISA_USAGE = YES_ERROR;
				CLANG_WARN_DOCUMENTATION_COMMENTS = YES;
				CLANG_WARN_EMPTY_BODY = YES;
				CLANG_WARN_ENUM_CONVERSION = YES;
				CLANG_WARN_INFINITE_RECURSION = YES;
				CLANG_WARN_INT_CONVERSION = YES;
				CLANG_WARN_OBJC_ROOT_CLASS = YES_ERROR;
				CLANG_WARN_SUSPICIOUS_MOVES = YES;
				CLANG_WARN_UNREACHABLE_CODE = YES;
				CLANG_WARN__DUPLICATE_METHOD_MATCH = YES;
				"CODE_SIGN_IDENTITY[sdk=iphoneos*]" = "iPhone Developer";
				COPY_PHASE_STRIP = NO;
				DEBUG_INFORMATION_FORMAT = "dwarf-with-dsym";
				ENABLE_NS_ASSERTIONS = NO;
				ENABLE_STRICT_OBJC_MSGSEND = YES;
				GCC_C_LANGUAGE_STANDARD = gnu99;
				GCC_NO_COMMON_BLOCKS = YES;
				GCC_WARN_64_TO_32_BIT_CONVERSION = YES;
				GCC_WARN_ABOUT_RETURN_TYPE = YES_ERROR;
				GCC_WARN_UNDECLARED_SELECTOR = YES;
				GCC_WARN_UNINITIALIZED_AUTOS = YES_AGGRESSIVE;
				GCC_WARN_UNUSED_FUNCTION = YES;
				GCC_WARN_UNUSED_VARIABLE = YES;
				IPHONEOS_DEPLOYMENT_TARGET = 10.0;
				MTL_ENABLE_DEBUG_INFO = NO;
				SDKROOT = iphoneos;
				SWIFT_OPTIMIZATION_LEVEL = "-Owholemodule";
				VALIDATE_PRODUCT = YES;
			};
			name = Release;
		};
		B9B22EFE1DAA191300895309 /* Debug */ = {
			isa = XCBuildConfiguration;
			baseConfigurationReference = 928D010EA38ABDF62F11F965 /* Pods-HealthKitDemo.debug.xcconfig */;
			buildSettings = {
				ASSETCATALOG_COMPILER_APPICON_NAME = AppIcon;
				CODE_SIGN_ENTITLEMENTS = HealthKitDemo/HealthKitDemo.entitlements;
				"CODE_SIGN_IDENTITY[sdk=iphoneos*]" = "iPhone Developer";
				DEVELOPMENT_TEAM = GN7256EV7F;
				INFOPLIST_FILE = HealthKitDemo/Info.plist;
				IPHONEOS_DEPLOYMENT_TARGET = 10.0;
				LD_RUNPATH_SEARCH_PATHS = "$(inherited) @executable_path/Frameworks";
				PRODUCT_BUNDLE_IDENTIFIER = com.CETCME.HealthKitDemo;
				PRODUCT_NAME = "$(TARGET_NAME)";
				SWIFT_VERSION = 3.0;
				TARGETED_DEVICE_FAMILY = "1,2";
			};
			name = Debug;
		};
		B9B22EFF1DAA191300895309 /* Release */ = {
			isa = XCBuildConfiguration;
			baseConfigurationReference = A53838E11D4520FEA8FBBE6D /* Pods-HealthKitDemo.release.xcconfig */;
			buildSettings = {
				ASSETCATALOG_COMPILER_APPICON_NAME = AppIcon;
				CODE_SIGN_ENTITLEMENTS = HealthKitDemo/HealthKitDemo.entitlements;
				"CODE_SIGN_IDENTITY[sdk=iphoneos*]" = "iPhone Developer";
				DEVELOPMENT_TEAM = GN7256EV7F;
				INFOPLIST_FILE = HealthKitDemo/Info.plist;
				IPHONEOS_DEPLOYMENT_TARGET = 10.0;
				LD_RUNPATH_SEARCH_PATHS = "$(inherited) @executable_path/Frameworks";
				PRODUCT_BUNDLE_IDENTIFIER = com.CETCME.HealthKitDemo;
				PRODUCT_NAME = "$(TARGET_NAME)";
				SWIFT_VERSION = 3.0;
				TARGETED_DEVICE_FAMILY = "1,2";
			};
			name = Release;
		};
/* End XCBuildConfiguration section */

/* Begin XCConfigurationList section */
		B9B22EE61DAA191300895309 /* Build configuration list for PBXProject "HealthKitDemo" */ = {
			isa = XCConfigurationList;
			buildConfigurations = (
				B9B22EFB1DAA191300895309 /* Debug */,
				B9B22EFC1DAA191300895309 /* Release */,
			);
			defaultConfigurationIsVisible = 0;
			defaultConfigurationName = Release;
		};
		B9B22EFD1DAA191300895309 /* Build configuration list for PBXNativeTarget "HealthKitDemo" */ = {
			isa = XCConfigurationList;
			buildConfigurations = (
				B9B22EFE1DAA191300895309 /* Debug */,
				B9B22EFF1DAA191300895309 /* Release */,
			);
			defaultConfigurationIsVisible = 0;
			defaultConfigurationName = Release;
		};
/* End XCConfigurationList section */

/* Begin XCVersionGroup section */
		B93EC3141DACD891006B891B /* data.xcdatamodeld */ = {
			isa = XCVersionGroup;
			children = (
				B93EC3151DACD892006B891B /* data.xcdatamodel */,
			);
			currentVersion = B93EC3151DACD892006B891B /* data.xcdatamodel */;
			path = data.xcdatamodeld;
			sourceTree = "<group>";
			versionGroupType = wrapper.xcdatamodel;
		};
/* End XCVersionGroup section */
	};
	rootObject = B9B22EE31DAA191300895309 /* Project object */;
}
